
Microsoft Visual Studio Solution File, Format Version 12.00
# Visual Studio 15
VisualStudioVersion = 15.0.28307.1145
MinimumVisualStudioVersion = 10.0.40219.1
Project("{FAE04EC0-301F-11D3-BF4B-00C04F79EFBC}") = "Car Insurance-Boolean Logic", "Car Insurance-Boolean Logic\Car Insurance-Boolean Logic.csproj", "{2F9F51C1-A0D8-49BF-8897-DE998A299A42}"
EndProject
Global
	GlobalSection(SolutionConfigurationPlatforms) = preSolution
		Debug|Any CPU = Debug|Any CPU
		Release|Any CPU = Release|Any CPU
	EndGlobalSection
	GlobalSection(ProjectConfigurationPlatforms) = postSolution
		{2F9F51C1-A0D8-49BF-8897-DE998A299A42}.Debug|Any CPU.ActiveCfg = Debug|Any CPU
		{2F9F51C1-A0D8-49BF-8897-DE998A299A42}.Debug|Any CPU.Build.0 = Debug|Any CPU
		{2F9F51C1-A0D8-49BF-8897-DE998A299A42}.Release|Any CPU.ActiveCfg = Release|Any CPU
		{2F9F51C1-A0D8-49BF-8897-DE998A299A42}.Release|Any CPU.Build.0 = Release|Any CPU
	EndGlobalSection
	GlobalSection(SolutionProperties) = preSolution
		HideSolutionNode = FALSE
	EndGlobalSection
	GlobalSection(ExtensibilityGlobals) = postSolution
		SolutionGuid = {D768175E-CBC7-4D09-853C-C188384A374D}
	EndGlobalSection
EndGlobal
