
Microsoft Visual Studio Solution File, Format Version 12.00
# Visual Studio 15
VisualStudioVersion = 15.0.28307.1145
MinimumVisualStudioVersion = 10.0.40219.1
Project("{FAE04EC0-301F-11D3-BF4B-00C04F79EFBC}") = "EF-CodeFirstModel", "EF-CodeFirstModel\EF-CodeFirstModel.csproj", "{8EF2270B-5047-4607-8945-2FBBC22EC7C0}"
EndProject
Global
	GlobalSection(SolutionConfigurationPlatforms) = preSolution
		Debug|Any CPU = Debug|Any CPU
		Release|Any CPU = Release|Any CPU
	EndGlobalSection
	GlobalSection(ProjectConfigurationPlatforms) = postSolution
		{8EF2270B-5047-4607-8945-2FBBC22EC7C0}.Debug|Any CPU.ActiveCfg = Debug|Any CPU
		{8EF2270B-5047-4607-8945-2FBBC22EC7C0}.Debug|Any CPU.Build.0 = Debug|Any CPU
		{8EF2270B-5047-4607-8945-2FBBC22EC7C0}.Release|Any CPU.ActiveCfg = Release|Any CPU
		{8EF2270B-5047-4607-8945-2FBBC22EC7C0}.Release|Any CPU.Build.0 = Release|Any CPU
	EndGlobalSection
	GlobalSection(SolutionProperties) = preSolution
		HideSolutionNode = FALSE
	EndGlobalSection
	GlobalSection(ExtensibilityGlobals) = postSolution
		SolutionGuid = {CD463DD0-D036-4C20-8547-7049FA80C5F4}
	EndGlobalSection
EndGlobal
