
Microsoft Visual Studio Solution File, Format Version 12.00
# Visual Studio 15
VisualStudioVersion = 15.0.28307.1145
MinimumVisualStudioVersion = 10.0.40219.1
Project("{FAE04EC0-301F-11D3-BF4B-00C04F79EFBC}") = "Age-TryCatch", "Age-TryCatch.csproj", "{19AAEBAD-7313-42A6-BF85-98D7613E8164}"
EndProject
Global
	GlobalSection(SolutionConfigurationPlatforms) = preSolution
		Debug|Any CPU = Debug|Any CPU
		Release|Any CPU = Release|Any CPU
	EndGlobalSection
	GlobalSection(ProjectConfigurationPlatforms) = postSolution
		{19AAEBAD-7313-42A6-BF85-98D7613E8164}.Debug|Any CPU.ActiveCfg = Debug|Any CPU
		{19AAEBAD-7313-42A6-BF85-98D7613E8164}.Debug|Any CPU.Build.0 = Debug|Any CPU
		{19AAEBAD-7313-42A6-BF85-98D7613E8164}.Release|Any CPU.ActiveCfg = Release|Any CPU
		{19AAEBAD-7313-42A6-BF85-98D7613E8164}.Release|Any CPU.Build.0 = Release|Any CPU
	EndGlobalSection
	GlobalSection(SolutionProperties) = preSolution
		HideSolutionNode = FALSE
	EndGlobalSection
	GlobalSection(ExtensibilityGlobals) = postSolution
		SolutionGuid = {8EA90E8B-5866-45D1-B980-3806A3D24756}
	EndGlobalSection
EndGlobal
